
Microsoft Visual Studio Solution File, Format Version 12.00
# Visual Studio 14
VisualStudioVersion = 14.0.25420.1
MinimumVisualStudioVersion = 10.0.40219.1
Project("{FAE04EC0-301F-11D3-BF4B-00C04F79EFBC}") = "RemoteIR", ".\RemoteIR\RemoteIR.csproj", "{6758FD1F-C2E6-4179-B5F3-62CF78290D52}"
EndProject
Project("{FAE04EC0-301F-11D3-BF4B-00C04F79EFBC}") = "PanasonicCKP", ".\PanasonicCKP\PanasonicCKP.csproj", "{5122F6BB-E128-4A54-99FF-DA25B96860AF}"
EndProject
Global
	GlobalSection(SolutionConfigurationPlatforms) = preSolution
		Debug|Any CPU = Debug|Any CPU
		Release|Any CPU = Release|Any CPU
	EndGlobalSection
	GlobalSection(ProjectConfigurationPlatforms) = postSolution
		{6758FD1F-C2E6-4179-B5F3-62CF78290D52}.Debug|Any CPU.ActiveCfg = Debug|Any CPU
		{6758FD1F-C2E6-4179-B5F3-62CF78290D52}.Debug|Any CPU.Build.0 = Debug|Any CPU
		{6758FD1F-C2E6-4179-B5F3-62CF78290D52}.Debug|Any CPU.Deploy.0 = Debug|Any CPU
		{6758FD1F-C2E6-4179-B5F3-62CF78290D52}.Release|Any CPU.ActiveCfg = Release|Any CPU
		{6758FD1F-C2E6-4179-B5F3-62CF78290D52}.Release|Any CPU.Build.0 = Release|Any CPU
		{6758FD1F-C2E6-4179-B5F3-62CF78290D52}.Release|Any CPU.Deploy.0 = Release|Any CPU
		{5122F6BB-E128-4A54-99FF-DA25B96860AF}.Debug|Any CPU.ActiveCfg = Debug|Any CPU
		{5122F6BB-E128-4A54-99FF-DA25B96860AF}.Debug|Any CPU.Build.0 = Debug|Any CPU
		{5122F6BB-E128-4A54-99FF-DA25B96860AF}.Release|Any CPU.ActiveCfg = Release|Any CPU
		{5122F6BB-E128-4A54-99FF-DA25B96860AF}.Release|Any CPU.Build.0 = Release|Any CPU
	EndGlobalSection
	GlobalSection(SolutionProperties) = preSolution
		HideSolutionNode = FALSE
	EndGlobalSection
EndGlobal
